
Microsoft Visual Studio Solution File, Format Version 12.00
# Visual Studio Version 16
VisualStudioVersion = 16.0.32106.194
MinimumVisualStudioVersion = 10.0.40219.1
Project("{FAE04EC0-301F-11D3-BF4B-00C04F79EFBC}") = "Observer", "Observer.csproj", "{2356FA8F-039A-431C-973F-00466ED9F9F3}"
EndProject
Global
	GlobalSection(SolutionConfigurationPlatforms) = preSolution
		Debug|Any CPU = Debug|Any CPU
		Release|Any CPU = Release|Any CPU
	EndGlobalSection
	GlobalSection(ProjectConfigurationPlatforms) = postSolution
		{2356FA8F-039A-431C-973F-00466ED9F9F3}.Debug|Any CPU.ActiveCfg = Debug|Any CPU
		{2356FA8F-039A-431C-973F-00466ED9F9F3}.Debug|Any CPU.Build.0 = Debug|Any CPU
		{2356FA8F-039A-431C-973F-00466ED9F9F3}.Release|Any CPU.ActiveCfg = Release|Any CPU
		{2356FA8F-039A-431C-973F-00466ED9F9F3}.Release|Any CPU.Build.0 = Release|Any CPU
	EndGlobalSection
	GlobalSection(SolutionProperties) = preSolution
		HideSolutionNode = FALSE
	EndGlobalSection
	GlobalSection(ExtensibilityGlobals) = postSolution
		SolutionGuid = {A1707284-9571-455A-8701-FB5B5A133890}
	EndGlobalSection
EndGlobal
